
Microsoft Visual Studio Solution File, Format Version 12.00
# Visual Studio Version 17
VisualStudioVersion = 17.11.35327.3
MinimumVisualStudioVersion = 10.0.40219.1
Project("{9A19103F-16F7-4668-BE54-9A1E7A4F7556}") = "MonitoringApplication", "MonitoringApplication\MonitoringApplication.csproj", "{4D99684F-14B5-4C27-AC48-EFC752ED734F}"
EndProject
Project("{9A19103F-16F7-4668-BE54-9A1E7A4F7556}") = "MonitoringApplication.Common", "MonitoringApplication.Common\MonitoringApplication.Common.csproj", "{6423883B-21F5-4A67-93A7-5503E3514118}"
EndProject
Project("{2150E333-8FDC-42A3-9474-1A3956D46DE8}") = "Solution Items", "Solution Items", "{EDCC38E8-94E4-4A67-8254-4169ADC397E5}"
	ProjectSection(SolutionItems) = preProject
		.gitignore = .gitignore
		LICENSE.md = LICENSE.md
		README.md = README.md
	EndProjectSection
EndProject
Global
	GlobalSection(SolutionConfigurationPlatforms) = preSolution
		Debug|Any CPU = Debug|Any CPU
		Debug|x86 = Debug|x86
		Release|Any CPU = Release|Any CPU
		Release|x86 = Release|x86
	EndGlobalSection
	GlobalSection(ProjectConfigurationPlatforms) = postSolution
		{4D99684F-14B5-4C27-AC48-EFC752ED734F}.Debug|Any CPU.ActiveCfg = Debug|Any CPU
		{4D99684F-14B5-4C27-AC48-EFC752ED734F}.Debug|Any CPU.Build.0 = Debug|Any CPU
		{4D99684F-14B5-4C27-AC48-EFC752ED734F}.Debug|x86.ActiveCfg = Debug|x86
		{4D99684F-14B5-4C27-AC48-EFC752ED734F}.Debug|x86.Build.0 = Debug|x86
		{4D99684F-14B5-4C27-AC48-EFC752ED734F}.Release|Any CPU.ActiveCfg = Release|Any CPU
		{4D99684F-14B5-4C27-AC48-EFC752ED734F}.Release|Any CPU.Build.0 = Release|Any CPU
		{4D99684F-14B5-4C27-AC48-EFC752ED734F}.Release|x86.ActiveCfg = Release|x86
		{4D99684F-14B5-4C27-AC48-EFC752ED734F}.Release|x86.Build.0 = Release|x86
		{6423883B-21F5-4A67-93A7-5503E3514118}.Debug|Any CPU.ActiveCfg = Debug|Any CPU
		{6423883B-21F5-4A67-93A7-5503E3514118}.Debug|Any CPU.Build.0 = Debug|Any CPU
		{6423883B-21F5-4A67-93A7-5503E3514118}.Debug|x86.ActiveCfg = Debug|Any CPU
		{6423883B-21F5-4A67-93A7-5503E3514118}.Release|Any CPU.ActiveCfg = Release|Any CPU
		{6423883B-21F5-4A67-93A7-5503E3514118}.Release|Any CPU.Build.0 = Release|Any CPU
		{6423883B-21F5-4A67-93A7-5503E3514118}.Release|x86.ActiveCfg = Release|Any CPU
	EndGlobalSection
	GlobalSection(SolutionProperties) = preSolution
		HideSolutionNode = FALSE
	EndGlobalSection
	GlobalSection(ExtensibilityGlobals) = postSolution
		SolutionGuid = {BFDB494C-3D4B-4235-98A8-162B129DF4F7}
	EndGlobalSection
EndGlobal
